
Microsoft Visual Studio Solution File, Format Version 12.00
Project("{FAE04EC0-301F-11D3-BF4B-00C04F79EFBC}") = "EnglishLearning.Dictionary.Host", "src\EnglishLearning.Dictionary.Host\EnglishLearning.Dictionary.Host.csproj", "{674CCDDC-E90C-4457-878B-291A3FA4E62C}"
EndProject
Project("{FAE04EC0-301F-11D3-BF4B-00C04F79EFBC}") = "EnglishLearning.Dictionary.Web", "src\EnglishLearning.Dictionary.Web\EnglishLearning.Dictionary.Web.csproj", "{131EA51A-2F51-4164-AC6B-5FF6E319DF80}"
EndProject
Project("{FAE04EC0-301F-11D3-BF4B-00C04F79EFBC}") = "EnglishLearning.Dictionary.Web.Contracts", "src\EnglishLearning.Dictionary.Web.Contracts\EnglishLearning.Dictionary.Web.Contracts.csproj", "{FFE47CE4-4732-4074-A2CA-48CF3EABA997}"
EndProject
Project("{FAE04EC0-301F-11D3-BF4B-00C04F79EFBC}") = "EnglishLearning.Dictionary.Domain", "src\EnglishLearning.Dictionary.Domain\EnglishLearning.Dictionary.Domain.csproj", "{229A0025-8E34-478D-B5BF-0C800649150B}"
EndProject
Project("{FAE04EC0-301F-11D3-BF4B-00C04F79EFBC}") = "EnglishLearning.Dictionary.Application", "src\EnglishLearning.Dictionary.Application\EnglishLearning.Dictionary.Application.csproj", "{A1C203D9-AA30-4DB7-BF24-50574F5EF2DD}"
EndProject
Project("{FAE04EC0-301F-11D3-BF4B-00C04F79EFBC}") = "EnglishLearning.Dictionary.Infrastructure", "src\EnglishLearning.Dictionary.Infrastructure\EnglishLearning.Dictionary.Infrastructure.csproj", "{14CB5C6B-1825-4D20-9EE8-0CE1704EF283}"
EndProject
Project("{FAE04EC0-301F-11D3-BF4B-00C04F79EFBC}") = "EnglishLearning.Dictionary.ExternalServices", "src\EnglishLearning.Dictionary.ExternalServices\EnglishLearning.Dictionary.ExternalServices.csproj", "{EADA46B5-DD25-4972-B814-0ECB566F9C5E}"
EndProject
Global
	GlobalSection(SolutionConfigurationPlatforms) = preSolution
		Debug|Any CPU = Debug|Any CPU
		Release|Any CPU = Release|Any CPU
	EndGlobalSection
	GlobalSection(ProjectConfigurationPlatforms) = postSolution
		{674CCDDC-E90C-4457-878B-291A3FA4E62C}.Debug|Any CPU.ActiveCfg = Debug|Any CPU
		{674CCDDC-E90C-4457-878B-291A3FA4E62C}.Debug|Any CPU.Build.0 = Debug|Any CPU
		{674CCDDC-E90C-4457-878B-291A3FA4E62C}.Release|Any CPU.ActiveCfg = Release|Any CPU
		{674CCDDC-E90C-4457-878B-291A3FA4E62C}.Release|Any CPU.Build.0 = Release|Any CPU
		{131EA51A-2F51-4164-AC6B-5FF6E319DF80}.Debug|Any CPU.ActiveCfg = Debug|Any CPU
		{131EA51A-2F51-4164-AC6B-5FF6E319DF80}.Debug|Any CPU.Build.0 = Debug|Any CPU
		{131EA51A-2F51-4164-AC6B-5FF6E319DF80}.Release|Any CPU.ActiveCfg = Release|Any CPU
		{131EA51A-2F51-4164-AC6B-5FF6E319DF80}.Release|Any CPU.Build.0 = Release|Any CPU
		{FFE47CE4-4732-4074-A2CA-48CF3EABA997}.Debug|Any CPU.ActiveCfg = Debug|Any CPU
		{FFE47CE4-4732-4074-A2CA-48CF3EABA997}.Debug|Any CPU.Build.0 = Debug|Any CPU
		{FFE47CE4-4732-4074-A2CA-48CF3EABA997}.Release|Any CPU.ActiveCfg = Release|Any CPU
		{FFE47CE4-4732-4074-A2CA-48CF3EABA997}.Release|Any CPU.Build.0 = Release|Any CPU
		{229A0025-8E34-478D-B5BF-0C800649150B}.Debug|Any CPU.ActiveCfg = Debug|Any CPU
		{229A0025-8E34-478D-B5BF-0C800649150B}.Debug|Any CPU.Build.0 = Debug|Any CPU
		{229A0025-8E34-478D-B5BF-0C800649150B}.Release|Any CPU.ActiveCfg = Release|Any CPU
		{229A0025-8E34-478D-B5BF-0C800649150B}.Release|Any CPU.Build.0 = Release|Any CPU
		{A1C203D9-AA30-4DB7-BF24-50574F5EF2DD}.Debug|Any CPU.ActiveCfg = Debug|Any CPU
		{A1C203D9-AA30-4DB7-BF24-50574F5EF2DD}.Debug|Any CPU.Build.0 = Debug|Any CPU
		{A1C203D9-AA30-4DB7-BF24-50574F5EF2DD}.Release|Any CPU.ActiveCfg = Release|Any CPU
		{A1C203D9-AA30-4DB7-BF24-50574F5EF2DD}.Release|Any CPU.Build.0 = Release|Any CPU
		{14CB5C6B-1825-4D20-9EE8-0CE1704EF283}.Debug|Any CPU.ActiveCfg = Debug|Any CPU
		{14CB5C6B-1825-4D20-9EE8-0CE1704EF283}.Debug|Any CPU.Build.0 = Debug|Any CPU
		{14CB5C6B-1825-4D20-9EE8-0CE1704EF283}.Release|Any CPU.ActiveCfg = Release|Any CPU
		{14CB5C6B-1825-4D20-9EE8-0CE1704EF283}.Release|Any CPU.Build.0 = Release|Any CPU
		{EADA46B5-DD25-4972-B814-0ECB566F9C5E}.Debug|Any CPU.ActiveCfg = Debug|Any CPU
		{EADA46B5-DD25-4972-B814-0ECB566F9C5E}.Debug|Any CPU.Build.0 = Debug|Any CPU
		{EADA46B5-DD25-4972-B814-0ECB566F9C5E}.Release|Any CPU.ActiveCfg = Release|Any CPU
		{EADA46B5-DD25-4972-B814-0ECB566F9C5E}.Release|Any CPU.Build.0 = Release|Any CPU
	EndGlobalSection
EndGlobal
