
Microsoft Visual Studio Solution File, Format Version 12.00
Project("{FAE04EC0-301F-11D3-BF4B-00C04F79EFBC}") = "EnglishLearning.Dictionary.Host", "src\EnglishLearning.Dictionary.Host\EnglishLearning.Dictionary.Host.csproj", "{674CCDDC-E90C-4457-878B-291A3FA4E62C}"
EndProject
Project("{FAE04EC0-301F-11D3-BF4B-00C04F79EFBC}") = "EnglishLearning.Dictionary.Web", "src\EnglishLearning.Dictionary.Web\EnglishLearning.Dictionary.Web.csproj", "{131EA51A-2F51-4164-AC6B-5FF6E319DF80}"
EndProject
Project("{FAE04EC0-301F-11D3-BF4B-00C04F79EFBC}") = "EnglishLearning.Dictionary.Web.Contracts", "src\EnglishLearning.Dictionary.Web.Contracts\EnglishLearning.Dictionary.Web.Contracts.csproj", "{FFE47CE4-4732-4074-A2CA-48CF3EABA997}"
EndProject
Project("{FAE04EC0-301F-11D3-BF4B-00C04F79EFBC}") = "EnglishLearning.Dictionary.Domain", "src\EnglishLearning.Dictionary.Domain\EnglishLearning.Dictionary.Domain.csproj", "{229A0025-8E34-478D-B5BF-0C800649150B}"
EndProject
Project("{FAE04EC0-301F-11D3-BF4B-00C04F79EFBC}") = "EnglishLearning.Dictionary.Application", "src\EnglishLearning.Dictionary.Application\EnglishLearning.Dictionary.Application.csproj", "{A1C203D9-AA30-4DB7-BF24-50574F5EF2DD}"
EndProject
Project("{FAE04EC0-301F-11D3-BF4B-00C04F79EFBC}") = "EnglishLearning.Dictionary.Infrastructure", "src\EnglishLearning.Dictionary.Infrastructure\EnglishLearning.Dictionary.Infrastructure.csproj", "{14CB5C6B-1825-4D20-9EE8-0CE1704EF283}"
EndProject
Project("{FAE04EC0-301F-11D3-BF4B-00C04F79EFBC}") = "EnglishLearning.Dictionary.ExternalServices", "src\EnglishLearning.Dictionary.ExternalServices\EnglishLearning.Dictionary.ExternalServices.csproj", "{EADA46B5-DD25-4972-B814-0ECB566F9C5E}"
EndProject
Project("{FAE04EC0-301F-11D3-BF4B-00C04F79EFBC}") = "EnglishLearning.Dictionary.Common.Models", "src\EnglishLearning.Dictionary.Common.Models\EnglishLearning.Dictionary.Common.Models.csproj", "{73008AEC-68F2-4F27-967C-33FF80008ECA}"
EndProject
Project("{FAE04EC0-301F-11D3-BF4B-00C04F79EFBC}") = "EnglishLearning.Dictionary.DB", "src\EnglishLearning.Dictionary.DB\EnglishLearning.Dictionary.DB.csproj", "{AB54158A-1D90-4371-8E76-FCF12862AD23}"
EndProject
Project("{FAE04EC0-301F-11D3-BF4B-00C04F79EFBC}") = "EnglishLearning.Dictionary.Client", "src\EnglishLearning.Dictionary.Client\EnglishLearning.Dictionary.Client.csproj", "{D2CF0AD1-ACE4-4183-8D14-4F180B430F6F}"
EndProject
Project("{2150E333-8FDC-42A3-9474-1A3956D46DE8}") = "Infrastructure", "Infrastructure", "{3FAD1C40-E640-45A6-A340-F686D010F0BD}"
EndProject
Project("{2150E333-8FDC-42A3-9474-1A3956D46DE8}") = "Api", "Api", "{7D714781-B725-4E49-A461-0B7319F85769}"
EndProject
Global
	GlobalSection(SolutionConfigurationPlatforms) = preSolution
		Debug|Any CPU = Debug|Any CPU
		Release|Any CPU = Release|Any CPU
	EndGlobalSection
	GlobalSection(ProjectConfigurationPlatforms) = postSolution
		{674CCDDC-E90C-4457-878B-291A3FA4E62C}.Debug|Any CPU.ActiveCfg = Debug|Any CPU
		{674CCDDC-E90C-4457-878B-291A3FA4E62C}.Debug|Any CPU.Build.0 = Debug|Any CPU
		{674CCDDC-E90C-4457-878B-291A3FA4E62C}.Release|Any CPU.ActiveCfg = Release|Any CPU
		{674CCDDC-E90C-4457-878B-291A3FA4E62C}.Release|Any CPU.Build.0 = Release|Any CPU
		{131EA51A-2F51-4164-AC6B-5FF6E319DF80}.Debug|Any CPU.ActiveCfg = Debug|Any CPU
		{131EA51A-2F51-4164-AC6B-5FF6E319DF80}.Debug|Any CPU.Build.0 = Debug|Any CPU
		{131EA51A-2F51-4164-AC6B-5FF6E319DF80}.Release|Any CPU.ActiveCfg = Release|Any CPU
		{131EA51A-2F51-4164-AC6B-5FF6E319DF80}.Release|Any CPU.Build.0 = Release|Any CPU
		{FFE47CE4-4732-4074-A2CA-48CF3EABA997}.Debug|Any CPU.ActiveCfg = Debug|Any CPU
		{FFE47CE4-4732-4074-A2CA-48CF3EABA997}.Debug|Any CPU.Build.0 = Debug|Any CPU
		{FFE47CE4-4732-4074-A2CA-48CF3EABA997}.Release|Any CPU.ActiveCfg = Release|Any CPU
		{FFE47CE4-4732-4074-A2CA-48CF3EABA997}.Release|Any CPU.Build.0 = Release|Any CPU
		{229A0025-8E34-478D-B5BF-0C800649150B}.Debug|Any CPU.ActiveCfg = Debug|Any CPU
		{229A0025-8E34-478D-B5BF-0C800649150B}.Debug|Any CPU.Build.0 = Debug|Any CPU
		{229A0025-8E34-478D-B5BF-0C800649150B}.Release|Any CPU.ActiveCfg = Release|Any CPU
		{229A0025-8E34-478D-B5BF-0C800649150B}.Release|Any CPU.Build.0 = Release|Any CPU
		{A1C203D9-AA30-4DB7-BF24-50574F5EF2DD}.Debug|Any CPU.ActiveCfg = Debug|Any CPU
		{A1C203D9-AA30-4DB7-BF24-50574F5EF2DD}.Debug|Any CPU.Build.0 = Debug|Any CPU
		{A1C203D9-AA30-4DB7-BF24-50574F5EF2DD}.Release|Any CPU.ActiveCfg = Release|Any CPU
		{A1C203D9-AA30-4DB7-BF24-50574F5EF2DD}.Release|Any CPU.Build.0 = Release|Any CPU
		{14CB5C6B-1825-4D20-9EE8-0CE1704EF283}.Debug|Any CPU.ActiveCfg = Debug|Any CPU
		{14CB5C6B-1825-4D20-9EE8-0CE1704EF283}.Debug|Any CPU.Build.0 = Debug|Any CPU
		{14CB5C6B-1825-4D20-9EE8-0CE1704EF283}.Release|Any CPU.ActiveCfg = Release|Any CPU
		{14CB5C6B-1825-4D20-9EE8-0CE1704EF283}.Release|Any CPU.Build.0 = Release|Any CPU
		{EADA46B5-DD25-4972-B814-0ECB566F9C5E}.Debug|Any CPU.ActiveCfg = Debug|Any CPU
		{EADA46B5-DD25-4972-B814-0ECB566F9C5E}.Debug|Any CPU.Build.0 = Debug|Any CPU
		{EADA46B5-DD25-4972-B814-0ECB566F9C5E}.Release|Any CPU.ActiveCfg = Release|Any CPU
		{EADA46B5-DD25-4972-B814-0ECB566F9C5E}.Release|Any CPU.Build.0 = Release|Any CPU
		{73008AEC-68F2-4F27-967C-33FF80008ECA}.Debug|Any CPU.ActiveCfg = Debug|Any CPU
		{73008AEC-68F2-4F27-967C-33FF80008ECA}.Debug|Any CPU.Build.0 = Debug|Any CPU
		{73008AEC-68F2-4F27-967C-33FF80008ECA}.Release|Any CPU.ActiveCfg = Release|Any CPU
		{73008AEC-68F2-4F27-967C-33FF80008ECA}.Release|Any CPU.Build.0 = Release|Any CPU
		{AB54158A-1D90-4371-8E76-FCF12862AD23}.Debug|Any CPU.ActiveCfg = Debug|Any CPU
		{AB54158A-1D90-4371-8E76-FCF12862AD23}.Debug|Any CPU.Build.0 = Debug|Any CPU
		{AB54158A-1D90-4371-8E76-FCF12862AD23}.Release|Any CPU.ActiveCfg = Release|Any CPU
		{AB54158A-1D90-4371-8E76-FCF12862AD23}.Release|Any CPU.Build.0 = Release|Any CPU
		{D2CF0AD1-ACE4-4183-8D14-4F180B430F6F}.Debug|Any CPU.ActiveCfg = Debug|Any CPU
		{D2CF0AD1-ACE4-4183-8D14-4F180B430F6F}.Debug|Any CPU.Build.0 = Debug|Any CPU
		{D2CF0AD1-ACE4-4183-8D14-4F180B430F6F}.Release|Any CPU.ActiveCfg = Release|Any CPU
		{D2CF0AD1-ACE4-4183-8D14-4F180B430F6F}.Release|Any CPU.Build.0 = Release|Any CPU
	EndGlobalSection
	GlobalSection(NestedProjects) = preSolution
		{14CB5C6B-1825-4D20-9EE8-0CE1704EF283} = {3FAD1C40-E640-45A6-A340-F686D010F0BD}
		{EADA46B5-DD25-4972-B814-0ECB566F9C5E} = {3FAD1C40-E640-45A6-A340-F686D010F0BD}
		{AB54158A-1D90-4371-8E76-FCF12862AD23} = {3FAD1C40-E640-45A6-A340-F686D010F0BD}
		{131EA51A-2F51-4164-AC6B-5FF6E319DF80} = {7D714781-B725-4E49-A461-0B7319F85769}
		{FFE47CE4-4732-4074-A2CA-48CF3EABA997} = {7D714781-B725-4E49-A461-0B7319F85769}
		{D2CF0AD1-ACE4-4183-8D14-4F180B430F6F} = {7D714781-B725-4E49-A461-0B7319F85769}
	EndGlobalSection
EndGlobal
